// !$*UTF8*$!
{
	archiveVersion = 1;
	classes = {
	};
	objectVersion = 46;
	objects = {

/* Begin PBXBuildFile section */
		252508741E1DD89D00D65637 /* AppDelegate.swift in Sources */ = {isa = PBXBuildFile; fileRef = 252508731E1DD89D00D65637 /* AppDelegate.swift */; };
		252508761E1DD89D00D65637 /* ViewController.swift in Sources */ = {isa = PBXBuildFile; fileRef = 252508751E1DD89D00D65637 /* ViewController.swift */; };
		252508791E1DD89E00D65637 /* Main.storyboard in Resources */ = {isa = PBXBuildFile; fileRef = 252508771E1DD89E00D65637 /* Main.storyboard */; };
		2525087B1E1DD89E00D65637 /* Assets.xcassets in Resources */ = {isa = PBXBuildFile; fileRef = 2525087A1E1DD89E00D65637 /* Assets.xcassets */; };
		2525087E1E1DD89E00D65637 /* LaunchScreen.storyboard in Resources */ = {isa = PBXBuildFile; fileRef = 2525087C1E1DD89E00D65637 /* LaunchScreen.storyboard */; };
		252508941E1DD89E00D65637 /* hackAnATMUITests.swift in Sources */ = {isa = PBXBuildFile; fileRef = 252508931E1DD89E00D65637 /* hackAnATMUITests.swift */; };
		252508A21E1DE35500D65637 /* AtmFactory.swift in Sources */ = {isa = PBXBuildFile; fileRef = 252508A11E1DE35500D65637 /* AtmFactory.swift */; };
		252508A51E1EC33B00D65637 /* PopAnimator.swift in Sources */ = {isa = PBXBuildFile; fileRef = 252508A41E1EC33B00D65637 /* PopAnimator.swift */; };
		252508A91E1ECA6A00D65637 /* AtmDetailViewController.swift in Sources */ = {isa = PBXBuildFile; fileRef = 252508A81E1ECA6A00D65637 /* AtmDetailViewController.swift */; };
		253E0B481E258EEA00ACB500 /* AtmDetailViewControllerTests.swift in Sources */ = {isa = PBXBuildFile; fileRef = 253E0B471E258EEA00ACB500 /* AtmDetailViewControllerTests.swift */; };
		259E4F1A1E22CA70002F0B57 /* AtmManager.swift in Sources */ = {isa = PBXBuildFile; fileRef = 259E4F191E22CA70002F0B57 /* AtmManager.swift */; };
		259E4F1C1E235447002F0B57 /* AtmModel.swift in Sources */ = {isa = PBXBuildFile; fileRef = 259E4F1B1E235447002F0B57 /* AtmModel.swift */; };
		E71A357BC4BA02AD0516A253 /* Pods_AtmViewer.framework in Frameworks */ = {isa = PBXBuildFile; fileRef = D5AD2263BF24452ACA972719 /* Pods_AtmViewer.framework */; };
		F8F2C77F5CBA85CDBDC0AAF0 /* Pods_AtmViewerTests.framework in Frameworks */ = {isa = PBXBuildFile; fileRef = CF3670B67021687B2752905C /* Pods_AtmViewerTests.framework */; };
/* End PBXBuildFile section */

/* Begin PBXContainerItemProxy section */
		252508851E1DD89E00D65637 /* PBXContainerItemProxy */ = {
			isa = PBXContainerItemProxy;
			containerPortal = 252508681E1DD89D00D65637 /* Project object */;
			proxyType = 1;
			remoteGlobalIDString = 2525086F1E1DD89D00D65637;
			remoteInfo = hackAnATM;
		};
		252508901E1DD89E00D65637 /* PBXContainerItemProxy */ = {
			isa = PBXContainerItemProxy;
			containerPortal = 252508681E1DD89D00D65637 /* Project object */;
			proxyType = 1;
			remoteGlobalIDString = 2525086F1E1DD89D00D65637;
			remoteInfo = hackAnATM;
		};
/* End PBXContainerItemProxy section */

/* Begin PBXFileReference section */
		252508701E1DD89D00D65637 /* AtmViewer.app */ = {isa = PBXFileReference; explicitFileType = wrapper.application; includeInIndex = 0; path = AtmViewer.app; sourceTree = BUILT_PRODUCTS_DIR; };
		252508731E1DD89D00D65637 /* AppDelegate.swift */ = {isa = PBXFileReference; lastKnownFileType = sourcecode.swift; path = AppDelegate.swift; sourceTree = "<group>"; };
		252508751E1DD89D00D65637 /* ViewController.swift */ = {isa = PBXFileReference; lastKnownFileType = sourcecode.swift; path = ViewController.swift; sourceTree = "<group>"; };
		252508781E1DD89E00D65637 /* Base */ = {isa = PBXFileReference; lastKnownFileType = file.storyboard; name = Base; path = Base.lproj/Main.storyboard; sourceTree = "<group>"; };
		2525087A1E1DD89E00D65637 /* Assets.xcassets */ = {isa = PBXFileReference; lastKnownFileType = folder.assetcatalog; path = Assets.xcassets; sourceTree = "<group>"; };
		2525087D1E1DD89E00D65637 /* Base */ = {isa = PBXFileReference; lastKnownFileType = file.storyboard; name = Base; path = Base.lproj/LaunchScreen.storyboard; sourceTree = "<group>"; };
		2525087F1E1DD89E00D65637 /* Info.plist */ = {isa = PBXFileReference; lastKnownFileType = text.plist.xml; path = Info.plist; sourceTree = "<group>"; };
		252508841E1DD89E00D65637 /* AtmViewerTests.xctest */ = {isa = PBXFileReference; explicitFileType = wrapper.cfbundle; includeInIndex = 0; path = AtmViewerTests.xctest; sourceTree = BUILT_PRODUCTS_DIR; };
		2525088A1E1DD89E00D65637 /* Info.plist */ = {isa = PBXFileReference; lastKnownFileType = text.plist.xml; path = Info.plist; sourceTree = "<group>"; };
		2525088F1E1DD89E00D65637 /* AtmViewerUITests.xctest */ = {isa = PBXFileReference; explicitFileType = wrapper.cfbundle; includeInIndex = 0; path = AtmViewerUITests.xctest; sourceTree = BUILT_PRODUCTS_DIR; };
		252508931E1DD89E00D65637 /* hackAnATMUITests.swift */ = {isa = PBXFileReference; lastKnownFileType = sourcecode.swift; path = hackAnATMUITests.swift; sourceTree = "<group>"; };
		252508951E1DD89E00D65637 /* Info.plist */ = {isa = PBXFileReference; lastKnownFileType = text.plist.xml; path = Info.plist; sourceTree = "<group>"; };
		252508A11E1DE35500D65637 /* AtmFactory.swift */ = {isa = PBXFileReference; fileEncoding = 4; lastKnownFileType = sourcecode.swift; path = AtmFactory.swift; sourceTree = "<group>"; };
		252508A41E1EC33B00D65637 /* PopAnimator.swift */ = {isa = PBXFileReference; fileEncoding = 4; lastKnownFileType = sourcecode.swift; path = PopAnimator.swift; sourceTree = "<group>"; };
		252508A81E1ECA6A00D65637 /* AtmDetailViewController.swift */ = {isa = PBXFileReference; fileEncoding = 4; lastKnownFileType = sourcecode.swift; path = AtmDetailViewController.swift; sourceTree = "<group>"; };
		253E0B441E258E8500ACB500 /* AtmViewerTests-Bridging-Header.h */ = {isa = PBXFileReference; lastKnownFileType = sourcecode.c.h; path = "AtmViewerTests-Bridging-Header.h"; sourceTree = "<group>"; };
		253E0B471E258EEA00ACB500 /* AtmDetailViewControllerTests.swift */ = {isa = PBXFileReference; fileEncoding = 4; lastKnownFileType = sourcecode.swift; path = AtmDetailViewControllerTests.swift; sourceTree = "<group>"; };
		259E4F191E22CA70002F0B57 /* AtmManager.swift */ = {isa = PBXFileReference; fileEncoding = 4; lastKnownFileType = sourcecode.swift; path = AtmManager.swift; sourceTree = "<group>"; };
		259E4F1B1E235447002F0B57 /* AtmModel.swift */ = {isa = PBXFileReference; fileEncoding = 4; lastKnownFileType = sourcecode.swift; path = AtmModel.swift; sourceTree = "<group>"; };
		336872ED904F2AB94CC1063A /* Pods-AtmViewerUITests.release.xcconfig */ = {isa = PBXFileReference; includeInIndex = 1; lastKnownFileType = text.xcconfig; name = "Pods-AtmViewerUITests.release.xcconfig"; path = "Pods/Target Support Files/Pods-AtmViewerUITests/Pods-AtmViewerUITests.release.xcconfig"; sourceTree = "<group>"; };
		6E2546EE5C6A4D112AEE9335 /* Pods-AtmViewerUITests.debug.xcconfig */ = {isa = PBXFileReference; includeInIndex = 1; lastKnownFileType = text.xcconfig; name = "Pods-AtmViewerUITests.debug.xcconfig"; path = "Pods/Target Support Files/Pods-AtmViewerUITests/Pods-AtmViewerUITests.debug.xcconfig"; sourceTree = "<group>"; };
		7668AA2BCC1CEB39F91DBBA8 /* Pods-AtmViewerTests.debug.xcconfig */ = {isa = PBXFileReference; includeInIndex = 1; lastKnownFileType = text.xcconfig; name = "Pods-AtmViewerTests.debug.xcconfig"; path = "Pods/Target Support Files/Pods-AtmViewerTests/Pods-AtmViewerTests.debug.xcconfig"; sourceTree = "<group>"; };
		C0200093586CF5916EF08FC1 /* Pods-AtmViewer.debug.xcconfig */ = {isa = PBXFileReference; includeInIndex = 1; lastKnownFileType = text.xcconfig; name = "Pods-AtmViewer.debug.xcconfig"; path = "Pods/Target Support Files/Pods-AtmViewer/Pods-AtmViewer.debug.xcconfig"; sourceTree = "<group>"; };
		CF3670B67021687B2752905C /* Pods_AtmViewerTests.framework */ = {isa = PBXFileReference; explicitFileType = wrapper.framework; includeInIndex = 0; path = Pods_AtmViewerTests.framework; sourceTree = BUILT_PRODUCTS_DIR; };
		D5AD2263BF24452ACA972719 /* Pods_AtmViewer.framework */ = {isa = PBXFileReference; explicitFileType = wrapper.framework; includeInIndex = 0; path = Pods_AtmViewer.framework; sourceTree = BUILT_PRODUCTS_DIR; };
		D9FE9155F8BFB00382A1A3D4 /* Pods-AtmViewer.release.xcconfig */ = {isa = PBXFileReference; includeInIndex = 1; lastKnownFileType = text.xcconfig; name = "Pods-AtmViewer.release.xcconfig"; path = "Pods/Target Support Files/Pods-AtmViewer/Pods-AtmViewer.release.xcconfig"; sourceTree = "<group>"; };
		EA86811352EFD8B945BCE8A2 /* Pods-AtmViewerTests.release.xcconfig */ = {isa = PBXFileReference; includeInIndex = 1; lastKnownFileType = text.xcconfig; name = "Pods-AtmViewerTests.release.xcconfig"; path = "Pods/Target Support Files/Pods-AtmViewerTests/Pods-AtmViewerTests.release.xcconfig"; sourceTree = "<group>"; };
/* End PBXFileReference section */

/* Begin PBXFrameworksBuildPhase section */
		2525086D1E1DD89D00D65637 /* Frameworks */ = {
			isa = PBXFrameworksBuildPhase;
			buildActionMask = 2147483647;
			files = (
				E71A357BC4BA02AD0516A253 /* Pods_AtmViewer.framework in Frameworks */,
			);
			runOnlyForDeploymentPostprocessing = 0;
		};
		252508811E1DD89E00D65637 /* Frameworks */ = {
			isa = PBXFrameworksBuildPhase;
			buildActionMask = 2147483647;
			files = (
				F8F2C77F5CBA85CDBDC0AAF0 /* Pods_AtmViewerTests.framework in Frameworks */,
			);
			runOnlyForDeploymentPostprocessing = 0;
		};
		2525088C1E1DD89E00D65637 /* Frameworks */ = {
			isa = PBXFrameworksBuildPhase;
			buildActionMask = 2147483647;
			files = (
			);
			runOnlyForDeploymentPostprocessing = 0;
		};
/* End PBXFrameworksBuildPhase section */

/* Begin PBXGroup section */
		02F7DEDDE46F7EC42ACDF1A0 /* Pods */ = {
			isa = PBXGroup;
			children = (
				C0200093586CF5916EF08FC1 /* Pods-AtmViewer.debug.xcconfig */,
				D9FE9155F8BFB00382A1A3D4 /* Pods-AtmViewer.release.xcconfig */,
				7668AA2BCC1CEB39F91DBBA8 /* Pods-AtmViewerTests.debug.xcconfig */,
				EA86811352EFD8B945BCE8A2 /* Pods-AtmViewerTests.release.xcconfig */,
				6E2546EE5C6A4D112AEE9335 /* Pods-AtmViewerUITests.debug.xcconfig */,
				336872ED904F2AB94CC1063A /* Pods-AtmViewerUITests.release.xcconfig */,
			);
			name = Pods;
			sourceTree = "<group>";
		};
		252508671E1DD89D00D65637 = {
			isa = PBXGroup;
			children = (
				252508721E1DD89D00D65637 /* AtmViewer */,
				252508921E1DD89E00D65637 /* AtmViewerUITests */,
				252508871E1DD89E00D65637 /* AtmViewerTests */,
				252508711E1DD89D00D65637 /* Products */,
				02F7DEDDE46F7EC42ACDF1A0 /* Pods */,
				FF0EAB4E28AD86C64209FCE4 /* Frameworks */,
			);
			sourceTree = "<group>";
		};
		252508711E1DD89D00D65637 /* Products */ = {
			isa = PBXGroup;
			children = (
				252508701E1DD89D00D65637 /* AtmViewer.app */,
				252508841E1DD89E00D65637 /* AtmViewerTests.xctest */,
				2525088F1E1DD89E00D65637 /* AtmViewerUITests.xctest */,
			);
			name = Products;
			sourceTree = "<group>";
		};
		252508721E1DD89D00D65637 /* AtmViewer */ = {
			isa = PBXGroup;
			children = (
				252508731E1DD89D00D65637 /* AppDelegate.swift */,
				252508751E1DD89D00D65637 /* ViewController.swift */,
				252508A81E1ECA6A00D65637 /* AtmDetailViewController.swift */,
				259E4F191E22CA70002F0B57 /* AtmManager.swift */,
				252508A11E1DE35500D65637 /* AtmFactory.swift */,
				259E4F1B1E235447002F0B57 /* AtmModel.swift */,
				252508771E1DD89E00D65637 /* Main.storyboard */,
				2525087A1E1DD89E00D65637 /* Assets.xcassets */,
				2525087C1E1DD89E00D65637 /* LaunchScreen.storyboard */,
				2525087F1E1DD89E00D65637 /* Info.plist */,
				252508A31E1EC32300D65637 /* Pop Animation */,
			);
			name = AtmViewer;
			path = hackAnATM;
			sourceTree = "<group>";
		};
		252508871E1DD89E00D65637 /* AtmViewerTests */ = {
			isa = PBXGroup;
			children = (
				2525088A1E1DD89E00D65637 /* Info.plist */,
				253E0B471E258EEA00ACB500 /* AtmDetailViewControllerTests.swift */,
				253E0B441E258E8500ACB500 /* AtmViewerTests-Bridging-Header.h */,
			);
			name = AtmViewerTests;
			path = hackAnATMTests;
			sourceTree = SOURCE_ROOT;
		};
		252508921E1DD89E00D65637 /* AtmViewerUITests */ = {
			isa = PBXGroup;
			children = (
				252508931E1DD89E00D65637 /* hackAnATMUITests.swift */,
				252508951E1DD89E00D65637 /* Info.plist */,
			);
			name = AtmViewerUITests;
			path = hackAnATMUITests;
			sourceTree = "<group>";
		};
		252508A31E1EC32300D65637 /* Pop Animation */ = {
			isa = PBXGroup;
			children = (
				252508A41E1EC33B00D65637 /* PopAnimator.swift */,
			);
			name = "Pop Animation";
			sourceTree = "<group>";
		};
		FF0EAB4E28AD86C64209FCE4 /* Frameworks */ = {
			isa = PBXGroup;
			children = (
				D5AD2263BF24452ACA972719 /* Pods_AtmViewer.framework */,
				CF3670B67021687B2752905C /* Pods_AtmViewerTests.framework */,
			);
			name = Frameworks;
			sourceTree = "<group>";
		};
/* End PBXGroup section */

/* Begin PBXNativeTarget section */
		2525086F1E1DD89D00D65637 /* AtmViewer */ = {
			isa = PBXNativeTarget;
			buildConfigurationList = 252508981E1DD89E00D65637 /* Build configuration list for PBXNativeTarget "AtmViewer" */;
			buildPhases = (
				1513C2E9FB0640E1BB07594F /* [CP] Check Pods Manifest.lock */,
				2525086C1E1DD89D00D65637 /* Sources */,
				2525086D1E1DD89D00D65637 /* Frameworks */,
				2525086E1E1DD89D00D65637 /* Resources */,
				56CCA406F64B4804E9038362 /* [CP] Embed Pods Frameworks */,
				24D1AB039988901CE6C2807F /* [CP] Copy Pods Resources */,
			);
			buildRules = (
			);
			dependencies = (
			);
			name = AtmViewer;
			productName = hackAnATM;
			productReference = 252508701E1DD89D00D65637 /* AtmViewer.app */;
			productType = "com.apple.product-type.application";
		};
		252508831E1DD89E00D65637 /* AtmViewerTests */ = {
			isa = PBXNativeTarget;
			buildConfigurationList = 2525089B1E1DD89E00D65637 /* Build configuration list for PBXNativeTarget "AtmViewerTests" */;
			buildPhases = (
				3B031542D1571520677E21AA /* [CP] Check Pods Manifest.lock */,
				252508801E1DD89E00D65637 /* Sources */,
				252508811E1DD89E00D65637 /* Frameworks */,
				252508821E1DD89E00D65637 /* Resources */,
				A0D9818115E441718EB3CA65 /* [CP] Embed Pods Frameworks */,
				EBC422755D4E089B0D6FB2E4 /* [CP] Copy Pods Resources */,
			);
			buildRules = (
			);
			dependencies = (
				252508861E1DD89E00D65637 /* PBXTargetDependency */,
			);
			name = AtmViewerTests;
			productName = hackAnATMTests;
			productReference = 252508841E1DD89E00D65637 /* AtmViewerTests.xctest */;
			productType = "com.apple.product-type.bundle.unit-test";
		};
		2525088E1E1DD89E00D65637 /* AtmViewerUITests */ = {
			isa = PBXNativeTarget;
			buildConfigurationList = 2525089E1E1DD89E00D65637 /* Build configuration list for PBXNativeTarget "AtmViewerUITests" */;
			buildPhases = (
				D87F1CF600B35C72DE271D26 /* [CP] Check Pods Manifest.lock */,
				2525088B1E1DD89E00D65637 /* Sources */,
				2525088C1E1DD89E00D65637 /* Frameworks */,
				2525088D1E1DD89E00D65637 /* Resources */,
				E012614105A8CF63DD6A5921 /* [CP] Embed Pods Frameworks */,
				16274A5BFB30D072C6E32BD8 /* [CP] Copy Pods Resources */,
			);
			buildRules = (
			);
			dependencies = (
				252508911E1DD89E00D65637 /* PBXTargetDependency */,
			);
			name = AtmViewerUITests;
			productName = hackAnATMUITests;
			productReference = 2525088F1E1DD89E00D65637 /* AtmViewerUITests.xctest */;
			productType = "com.apple.product-type.bundle.ui-testing";
		};
/* End PBXNativeTarget section */

/* Begin PBXProject section */
		252508681E1DD89D00D65637 /* Project object */ = {
			isa = PBXProject;
			attributes = {
				LastSwiftUpdateCheck = 0820;
				LastUpgradeCheck = 0820;
				ORGANIZATIONNAME = John;
				TargetAttributes = {
					2525086F1E1DD89D00D65637 = {
						CreatedOnToolsVersion = 8.2.1;
						DevelopmentTeam = 84YJMXPA5S;
						ProvisioningStyle = Automatic;
					};
					252508831E1DD89E00D65637 = {
						CreatedOnToolsVersion = 8.2.1;
						LastSwiftMigration = 0820;
						ProvisioningStyle = Automatic;
						TestTargetID = 2525086F1E1DD89D00D65637;
					};
					2525088E1E1DD89E00D65637 = {
						CreatedOnToolsVersion = 8.2.1;
						ProvisioningStyle = Automatic;
						TestTargetID = 2525086F1E1DD89D00D65637;
					};
				};
			};
			buildConfigurationList = 2525086B1E1DD89D00D65637 /* Build configuration list for PBXProject "AtmViewer" */;
			compatibilityVersion = "Xcode 3.2";
			developmentRegion = English;
			hasScannedForEncodings = 0;
			knownRegions = (
				en,
				Base,
			);
			mainGroup = 252508671E1DD89D00D65637;
			productRefGroup = 252508711E1DD89D00D65637 /* Products */;
			projectDirPath = "";
			projectRoot = "";
			targets = (
				2525086F1E1DD89D00D65637 /* AtmViewer */,
				252508831E1DD89E00D65637 /* AtmViewerTests */,
				2525088E1E1DD89E00D65637 /* AtmViewerUITests */,
			);
		};
/* End PBXProject section */

/* Begin PBXResourcesBuildPhase section */
		2525086E1E1DD89D00D65637 /* Resources */ = {
			isa = PBXResourcesBuildPhase;
			buildActionMask = 2147483647;
			files = (
				2525087E1E1DD89E00D65637 /* LaunchScreen.storyboard in Resources */,
				2525087B1E1DD89E00D65637 /* Assets.xcassets in Resources */,
				252508791E1DD89E00D65637 /* Main.storyboard in Resources */,
			);
			runOnlyForDeploymentPostprocessing = 0;
		};
		252508821E1DD89E00D65637 /* Resources */ = {
			isa = PBXResourcesBuildPhase;
			buildActionMask = 2147483647;
			files = (
			);
			runOnlyForDeploymentPostprocessing = 0;
		};
		2525088D1E1DD89E00D65637 /* Resources */ = {
			isa = PBXResourcesBuildPhase;
			buildActionMask = 2147483647;
			files = (
			);
			runOnlyForDeploymentPostprocessing = 0;
		};
/* End PBXResourcesBuildPhase section */

/* Begin PBXShellScriptBuildPhase section */
		1513C2E9FB0640E1BB07594F /* [CP] Check Pods Manifest.lock */ = {
			isa = PBXShellScriptBuildPhase;
			buildActionMask = 2147483647;
			files = (
			);
			inputPaths = (
			);
			name = "[CP] Check Pods Manifest.lock";
			outputPaths = (
			);
			runOnlyForDeploymentPostprocessing = 0;
			shellPath = /bin/sh;
			shellScript = "diff \"${PODS_ROOT}/../Podfile.lock\" \"${PODS_ROOT}/Manifest.lock\" > /dev/null\nif [ $? != 0 ] ; then\n    # print error to STDERR\n    echo \"error: The sandbox is not in sync with the Podfile.lock. Run 'pod install' or update your CocoaPods installation.\" >&2\n    exit 1\nfi\n";
			showEnvVarsInLog = 0;
		};
		16274A5BFB30D072C6E32BD8 /* [CP] Copy Pods Resources */ = {
			isa = PBXShellScriptBuildPhase;
			buildActionMask = 2147483647;
			files = (
			);
			inputPaths = (
			);
			name = "[CP] Copy Pods Resources";
			outputPaths = (
			);
			runOnlyForDeploymentPostprocessing = 0;
			shellPath = /bin/sh;
			shellScript = "\"${SRCROOT}/Pods/Target Support Files/Pods-AtmViewerUITests/Pods-AtmViewerUITests-resources.sh\"\n";
			showEnvVarsInLog = 0;
		};
		24D1AB039988901CE6C2807F /* [CP] Copy Pods Resources */ = {
			isa = PBXShellScriptBuildPhase;
			buildActionMask = 2147483647;
			files = (
			);
			inputPaths = (
			);
			name = "[CP] Copy Pods Resources";
			outputPaths = (
			);
			runOnlyForDeploymentPostprocessing = 0;
			shellPath = /bin/sh;
			shellScript = "\"${SRCROOT}/Pods/Target Support Files/Pods-AtmViewer/Pods-AtmViewer-resources.sh\"\n";
			showEnvVarsInLog = 0;
		};
		3B031542D1571520677E21AA /* [CP] Check Pods Manifest.lock */ = {
			isa = PBXShellScriptBuildPhase;
			buildActionMask = 2147483647;
			files = (
			);
			inputPaths = (
			);
			name = "[CP] Check Pods Manifest.lock";
			outputPaths = (
			);
			runOnlyForDeploymentPostprocessing = 0;
			shellPath = /bin/sh;
			shellScript = "diff \"${PODS_ROOT}/../Podfile.lock\" \"${PODS_ROOT}/Manifest.lock\" > /dev/null\nif [ $? != 0 ] ; then\n    # print error to STDERR\n    echo \"error: The sandbox is not in sync with the Podfile.lock. Run 'pod install' or update your CocoaPods installation.\" >&2\n    exit 1\nfi\n";
			showEnvVarsInLog = 0;
		};
		56CCA406F64B4804E9038362 /* [CP] Embed Pods Frameworks */ = {
			isa = PBXShellScriptBuildPhase;
			buildActionMask = 2147483647;
			files = (
			);
			inputPaths = (
			);
			name = "[CP] Embed Pods Frameworks";
			outputPaths = (
			);
			runOnlyForDeploymentPostprocessing = 0;
			shellPath = /bin/sh;
			shellScript = "\"${SRCROOT}/Pods/Target Support Files/Pods-AtmViewer/Pods-AtmViewer-frameworks.sh\"\n";
			showEnvVarsInLog = 0;
		};
		A0D9818115E441718EB3CA65 /* [CP] Embed Pods Frameworks */ = {
			isa = PBXShellScriptBuildPhase;
			buildActionMask = 2147483647;
			files = (
			);
			inputPaths = (
			);
			name = "[CP] Embed Pods Frameworks";
			outputPaths = (
			);
			runOnlyForDeploymentPostprocessing = 0;
			shellPath = /bin/sh;
			shellScript = "\"${SRCROOT}/Pods/Target Support Files/Pods-AtmViewerTests/Pods-AtmViewerTests-frameworks.sh\"\n";
			showEnvVarsInLog = 0;
		};
		D87F1CF600B35C72DE271D26 /* [CP] Check Pods Manifest.lock */ = {
			isa = PBXShellScriptBuildPhase;
			buildActionMask = 2147483647;
			files = (
			);
			inputPaths = (
			);
			name = "[CP] Check Pods Manifest.lock";
			outputPaths = (
			);
			runOnlyForDeploymentPostprocessing = 0;
			shellPath = /bin/sh;
			shellScript = "diff \"${PODS_ROOT}/../Podfile.lock\" \"${PODS_ROOT}/Manifest.lock\" > /dev/null\nif [ $? != 0 ] ; then\n    # print error to STDERR\n    echo \"error: The sandbox is not in sync with the Podfile.lock. Run 'pod install' or update your CocoaPods installation.\" >&2\n    exit 1\nfi\n";
			showEnvVarsInLog = 0;
		};
		E012614105A8CF63DD6A5921 /* [CP] Embed Pods Frameworks */ = {
			isa = PBXShellScriptBuildPhase;
			buildActionMask = 2147483647;
			files = (
			);
			inputPaths = (
			);
			name = "[CP] Embed Pods Frameworks";
			outputPaths = (
			);
			runOnlyForDeploymentPostprocessing = 0;
			shellPath = /bin/sh;
			shellScript = "\"${SRCROOT}/Pods/Target Support Files/Pods-AtmViewerUITests/Pods-AtmViewerUITests-frameworks.sh\"\n";
			showEnvVarsInLog = 0;
		};
		EBC422755D4E089B0D6FB2E4 /* [CP] Copy Pods Resources */ = {
			isa = PBXShellScriptBuildPhase;
			buildActionMask = 2147483647;
			files = (
			);
			inputPaths = (
			);
			name = "[CP] Copy Pods Resources";
			outputPaths = (
			);
			runOnlyForDeploymentPostprocessing = 0;
			shellPath = /bin/sh;
			shellScript = "\"${SRCROOT}/Pods/Target Support Files/Pods-AtmViewerTests/Pods-AtmViewerTests-resources.sh\"\n";
			showEnvVarsInLog = 0;
		};
/* End PBXShellScriptBuildPhase section */

/* Begin PBXSourcesBuildPhase section */
		2525086C1E1DD89D00D65637 /* Sources */ = {
			isa = PBXSourcesBuildPhase;
			buildActionMask = 2147483647;
			files = (
				252508761E1DD89D00D65637 /* ViewController.swift in Sources */,
				259E4F1C1E235447002F0B57 /* AtmModel.swift in Sources */,
				252508A21E1DE35500D65637 /* AtmFactory.swift in Sources */,
				259E4F1A1E22CA70002F0B57 /* AtmManager.swift in Sources */,
				252508A51E1EC33B00D65637 /* PopAnimator.swift in Sources */,
				252508A91E1ECA6A00D65637 /* AtmDetailViewController.swift in Sources */,
				252508741E1DD89D00D65637 /* AppDelegate.swift in Sources */,
			);
			runOnlyForDeploymentPostprocessing = 0;
		};
		252508801E1DD89E00D65637 /* Sources */ = {
			isa = PBXSourcesBuildPhase;
			buildActionMask = 2147483647;
			files = (
				253E0B481E258EEA00ACB500 /* AtmDetailViewControllerTests.swift in Sources */,
			);
			runOnlyForDeploymentPostprocessing = 0;
		};
		2525088B1E1DD89E00D65637 /* Sources */ = {
			isa = PBXSourcesBuildPhase;
			buildActionMask = 2147483647;
			files = (
				252508941E1DD89E00D65637 /* hackAnATMUITests.swift in Sources */,
			);
			runOnlyForDeploymentPostprocessing = 0;
		};
/* End PBXSourcesBuildPhase section */

/* Begin PBXTargetDependency section */
		252508861E1DD89E00D65637 /* PBXTargetDependency */ = {
			isa = PBXTargetDependency;
			target = 2525086F1E1DD89D00D65637 /* AtmViewer */;
			targetProxy = 252508851E1DD89E00D65637 /* PBXContainerItemProxy */;
		};
		252508911E1DD89E00D65637 /* PBXTargetDependency */ = {
			isa = PBXTargetDependency;
			target = 2525086F1E1DD89D00D65637 /* AtmViewer */;
			targetProxy = 252508901E1DD89E00D65637 /* PBXContainerItemProxy */;
		};
/* End PBXTargetDependency section */

/* Begin PBXVariantGroup section */
		252508771E1DD89E00D65637 /* Main.storyboard */ = {
			isa = PBXVariantGroup;
			children = (
				252508781E1DD89E00D65637 /* Base */,
			);
			name = Main.storyboard;
			sourceTree = "<group>";
		};
		2525087C1E1DD89E00D65637 /* LaunchScreen.storyboard */ = {
			isa = PBXVariantGroup;
			children = (
				2525087D1E1DD89E00D65637 /* Base */,
			);
			name = LaunchScreen.storyboard;
			sourceTree = "<group>";
		};
/* End PBXVariantGroup section */

/* Begin XCBuildConfiguration section */
		252508961E1DD89E00D65637 /* Debug */ = {
			isa = XCBuildConfiguration;
			buildSettings = {
				ALWAYS_SEARCH_USER_PATHS = NO;
				CLANG_ANALYZER_NONNULL = YES;
				CLANG_CXX_LANGUAGE_STANDARD = "gnu++0x";
				CLANG_CXX_LIBRARY = "libc++";
				CLANG_ENABLE_MODULES = YES;
				CLANG_ENABLE_OBJC_ARC = YES;
				CLANG_WARN_BOOL_CONVERSION = YES;
				CLANG_WARN_CONSTANT_CONVERSION = YES;
				CLANG_WARN_DIRECT_OBJC_ISA_USAGE = YES_ERROR;
				CLANG_WARN_DOCUMENTATION_COMMENTS = YES;
				CLANG_WARN_EMPTY_BODY = YES;
				CLANG_WARN_ENUM_CONVERSION = YES;
				CLANG_WARN_INFINITE_RECURSION = YES;
				CLANG_WARN_INT_CONVERSION = YES;
				CLANG_WARN_OBJC_ROOT_CLASS = YES_ERROR;
				CLANG_WARN_SUSPICIOUS_MOVE = YES;
				CLANG_WARN_UNREACHABLE_CODE = YES;
				CLANG_WARN__DUPLICATE_METHOD_MATCH = YES;
				"CODE_SIGN_IDENTITY[sdk=iphoneos*]" = "iPhone Developer";
				COPY_PHASE_STRIP = NO;
				DEBUG_INFORMATION_FORMAT = dwarf;
				ENABLE_STRICT_OBJC_MSGSEND = YES;
				ENABLE_TESTABILITY = YES;
				GCC_C_LANGUAGE_STANDARD = gnu99;
				GCC_DYNAMIC_NO_PIC = NO;
				GCC_NO_COMMON_BLOCKS = YES;
				GCC_OPTIMIZATION_LEVEL = 0;
				GCC_PREPROCESSOR_DEFINITIONS = (
					"DEBUG=1",
					"$(inherited)",
				);
				GCC_WARN_64_TO_32_BIT_CONVERSION = YES;
				GCC_WARN_ABOUT_RETURN_TYPE = YES_ERROR;
				GCC_WARN_UNDECLARED_SELECTOR = YES;
				GCC_WARN_UNINITIALIZED_AUTOS = YES_AGGRESSIVE;
				GCC_WARN_UNUSED_FUNCTION = YES;
				GCC_WARN_UNUSED_VARIABLE = YES;
				IPHONEOS_DEPLOYMENT_TARGET = 10.2;
				MTL_ENABLE_DEBUG_INFO = YES;
				ONLY_ACTIVE_ARCH = YES;
				SDKROOT = iphoneos;
				SWIFT_ACTIVE_COMPILATION_CONDITIONS = DEBUG;
				SWIFT_OPTIMIZATION_LEVEL = "-Onone";
				TARGETED_DEVICE_FAMILY = "1,2";
			};
			name = Debug;
		};
		252508971E1DD89E00D65637 /* Release */ = {
			isa = XCBuildConfiguration;
			buildSettings = {
				ALWAYS_SEARCH_USER_PATHS = NO;
				CLANG_ANALYZER_NONNULL = YES;
				CLANG_CXX_LANGUAGE_STANDARD = "gnu++0x";
				CLANG_CXX_LIBRARY = "libc++";
				CLANG_ENABLE_MODULES = YES;
				CLANG_ENABLE_OBJC_ARC = YES;
				CLANG_WARN_BOOL_CONVERSION = YES;
				CLANG_WARN_CONSTANT_CONVERSION = YES;
				CLANG_WARN_DIRECT_OBJC_ISA_USAGE = YES_ERROR;
				CLANG_WARN_DOCUMENTATION_COMMENTS = YES;
				CLANG_WARN_EMPTY_BODY = YES;
				CLANG_WARN_ENUM_CONVERSION = YES;
				CLANG_WARN_INFINITE_RECURSION = YES;
				CLANG_WARN_INT_CONVERSION = YES;
				CLANG_WARN_OBJC_ROOT_CLASS = YES_ERROR;
				CLANG_WARN_SUSPICIOUS_MOVE = YES;
				CLANG_WARN_UNREACHABLE_CODE = YES;
				CLANG_WARN__DUPLICATE_METHOD_MATCH = YES;
				"CODE_SIGN_IDENTITY[sdk=iphoneos*]" = "iPhone Developer";
				COPY_PHASE_STRIP = NO;
				DEBUG_INFORMATION_FORMAT = "dwarf-with-dsym";
				ENABLE_NS_ASSERTIONS = NO;
				ENABLE_STRICT_OBJC_MSGSEND = YES;
				GCC_C_LANGUAGE_STANDARD = gnu99;
				GCC_NO_COMMON_BLOCKS = YES;
				GCC_WARN_64_TO_32_BIT_CONVERSION = YES;
				GCC_WARN_ABOUT_RETURN_TYPE = YES_ERROR;
				GCC_WARN_UNDECLARED_SELECTOR = YES;
				GCC_WARN_UNINITIALIZED_AUTOS = YES_AGGRESSIVE;
				GCC_WARN_UNUSED_FUNCTION = YES;
				GCC_WARN_UNUSED_VARIABLE = YES;
				IPHONEOS_DEPLOYMENT_TARGET = 10.2;
				MTL_ENABLE_DEBUG_INFO = NO;
				SDKROOT = iphoneos;
				SWIFT_OPTIMIZATION_LEVEL = "-Owholemodule";
				TARGETED_DEVICE_FAMILY = "1,2";
				VALIDATE_PRODUCT = YES;
			};
			name = Release;
		};
		252508991E1DD89E00D65637 /* Debug */ = {
			isa = XCBuildConfiguration;
			baseConfigurationReference = C0200093586CF5916EF08FC1 /* Pods-AtmViewer.debug.xcconfig */;
			buildSettings = {
				ASSETCATALOG_COMPILER_APPICON_NAME = AppIcon;
				DEVELOPMENT_TEAM = 84YJMXPA5S;
				INFOPLIST_FILE = hackAnATM/Info.plist;
				LD_RUNPATH_SEARCH_PATHS = "$(inherited) @executable_path/Frameworks";
				PRODUCT_BUNDLE_IDENTIFIER = john.hackAnATM;
				PRODUCT_NAME = "$(TARGET_NAME)";
				SWIFT_VERSION = 3.0;
			};
			name = Debug;
		};
		2525089A1E1DD89E00D65637 /* Release */ = {
			isa = XCBuildConfiguration;
			baseConfigurationReference = D9FE9155F8BFB00382A1A3D4 /* Pods-AtmViewer.release.xcconfig */;
			buildSettings = {
				ASSETCATALOG_COMPILER_APPICON_NAME = AppIcon;
				DEVELOPMENT_TEAM = 84YJMXPA5S;
				INFOPLIST_FILE = hackAnATM/Info.plist;
				LD_RUNPATH_SEARCH_PATHS = "$(inherited) @executable_path/Frameworks";
				PRODUCT_BUNDLE_IDENTIFIER = john.hackAnATM;
				PRODUCT_NAME = "$(TARGET_NAME)";
				SWIFT_VERSION = 3.0;
			};
			name = Release;
		};
		2525089C1E1DD89E00D65637 /* Debug */ = {
			isa = XCBuildConfiguration;
			baseConfigurationReference = 7668AA2BCC1CEB39F91DBBA8 /* Pods-AtmViewerTests.debug.xcconfig */;
			buildSettings = {
				ALWAYS_EMBED_SWIFT_STANDARD_LIBRARIES = YES;
				BUNDLE_LOADER = "$(TEST_HOST)";
				CLANG_ENABLE_MODULES = YES;
				INFOPLIST_FILE = hackAnATMTests/Info.plist;
				LD_RUNPATH_SEARCH_PATHS = "$(inherited) @executable_path/Frameworks @loader_path/Frameworks";
				PRODUCT_BUNDLE_IDENTIFIER = john.hackAnATMTests;
				PRODUCT_NAME = "$(TARGET_NAME)";
				SWIFT_OBJC_BRIDGING_HEADER = "hackAnATMTests/AtmViewerTests-Bridging-Header.h";
				SWIFT_OPTIMIZATION_LEVEL = "-Onone";
				SWIFT_VERSION = 3.0;
				TEST_HOST = "$(BUILT_PRODUCTS_DIR)/AtmViewer.app/AtmViewer";
			};
			name = Debug;
		};
		2525089D1E1DD89E00D65637 /* Release */ = {
			isa = XCBuildConfiguration;
			baseConfigurationReference = EA86811352EFD8B945BCE8A2 /* Pods-AtmViewerTests.release.xcconfig */;
			buildSettings = {
				ALWAYS_EMBED_SWIFT_STANDARD_LIBRARIES = YES;
				BUNDLE_LOADER = "$(TEST_HOST)";
				CLANG_ENABLE_MODULES = YES;
				INFOPLIST_FILE = hackAnATMTests/Info.plist;
				LD_RUNPATH_SEARCH_PATHS = "$(inherited) @executable_path/Frameworks @loader_path/Frameworks";
				PRODUCT_BUNDLE_IDENTIFIER = john.hackAnATMTests;
				PRODUCT_NAME = "$(TARGET_NAME)";
				SWIFT_OBJC_BRIDGING_HEADER = "hackAnATMTests/AtmViewerTests-Bridging-Header.h";
				SWIFT_VERSION = 3.0;
				TEST_HOST = "$(BUILT_PRODUCTS_DIR)/AtmViewer.app/AtmViewer";
			};
			name = Release;
		};
		2525089F1E1DD89E00D65637 /* Debug */ = {
			isa = XCBuildConfiguration;
			baseConfigurationReference = 6E2546EE5C6A4D112AEE9335 /* Pods-AtmViewerUITests.debug.xcconfig */;
			buildSettings = {
				ALWAYS_EMBED_SWIFT_STANDARD_LIBRARIES = YES;
				INFOPLIST_FILE = hackAnATMUITests/Info.plist;
				LD_RUNPATH_SEARCH_PATHS = "$(inherited) @executable_path/Frameworks @loader_path/Frameworks";
				PRODUCT_BUNDLE_IDENTIFIER = john.hackAnATMUITests;
				PRODUCT_NAME = "$(TARGET_NAME)";
				SWIFT_VERSION = 3.0;
				TEST_TARGET_NAME = hackAnATM;
			};
			name = Debug;
		};
		252508A01E1DD89E00D65637 /* Release */ = {
			isa = XCBuildConfiguration;
			baseConfigurationReference = 336872ED904F2AB94CC1063A /* Pods-AtmViewerUITests.release.xcconfig */;
			buildSettings = {
				ALWAYS_EMBED_SWIFT_STANDARD_LIBRARIES = YES;
				INFOPLIST_FILE = hackAnATMUITests/Info.plist;
				LD_RUNPATH_SEARCH_PATHS = "$(inherited) @executable_path/Frameworks @loader_path/Frameworks";
				PRODUCT_BUNDLE_IDENTIFIER = john.hackAnATMUITests;
				PRODUCT_NAME = "$(TARGET_NAME)";
				SWIFT_VERSION = 3.0;
				TEST_TARGET_NAME = hackAnATM;
			};
			name = Release;
		};
/* End XCBuildConfiguration section */

/* Begin XCConfigurationList section */
		2525086B1E1DD89D00D65637 /* Build configuration list for PBXProject "AtmViewer" */ = {
			isa = XCConfigurationList;
			buildConfigurations = (
				252508961E1DD89E00D65637 /* Debug */,
				252508971E1DD89E00D65637 /* Release */,
			);
			defaultConfigurationIsVisible = 0;
			defaultConfigurationName = Release;
		};
		252508981E1DD89E00D65637 /* Build configuration list for PBXNativeTarget "AtmViewer" */ = {
			isa = XCConfigurationList;
			buildConfigurations = (
				252508991E1DD89E00D65637 /* Debug */,
				2525089A1E1DD89E00D65637 /* Release */,
			);
			defaultConfigurationIsVisible = 0;
			defaultConfigurationName = Release;
		};
		2525089B1E1DD89E00D65637 /* Build configuration list for PBXNativeTarget "AtmViewerTests" */ = {
			isa = XCConfigurationList;
			buildConfigurations = (
				2525089C1E1DD89E00D65637 /* Debug */,
				2525089D1E1DD89E00D65637 /* Release */,
			);
			defaultConfigurationIsVisible = 0;
			defaultConfigurationName = Release;
		};
		2525089E1E1DD89E00D65637 /* Build configuration list for PBXNativeTarget "AtmViewerUITests" */ = {
			isa = XCConfigurationList;
			buildConfigurations = (
				2525089F1E1DD89E00D65637 /* Debug */,
				252508A01E1DD89E00D65637 /* Release */,
			);
			defaultConfigurationIsVisible = 0;
			defaultConfigurationName = Release;
		};
/* End XCConfigurationList section */
	};
	rootObject = 252508681E1DD89D00D65637 /* Project object */;
}
